<?xml version="1.0" encoding="utf-8"?>
<Project ToolsVersion="4.0" xmlns="http://schemas.microsoft.com/developer/msbuild/2003">
  <ItemGroup>
    <Filter Include="A7M Backend">
      <UniqueIdentifier>{67DA6AB6-F800-4c08-8B7A-83BB121AAD01}</UniqueIdentifier>
      <Extensions>rc;ico;cur;bmp;dlg;rc2;rct;bin;rgs;gif;jpg;jpeg;jpe;resx;tiff;tif;png;wav;mfcribbon-ms</Extensions>
    </Filter>
    <Filter Include="Main">
      <UniqueIdentifier>{93995380-89BD-4b04-88EB-625FBE52EBFB}</UniqueIdentifier>
      <Extensions>h;hh;hpp;hxx;hm;inl;inc;xsd</Extensions>
    </Filter>
    <Filter Include="Kobj">
      <UniqueIdentifier>{069700c3-ec54-4da2-ae9c-9e31823c251e}</UniqueIdentifier>
    </Filter>
    <Filter Include="Resource">
      <UniqueIdentifier>{569e5991-ecd9-4368-888a-1d2d92ecb7b0}</UniqueIdentifier>
    </Filter>
    <Filter Include="A7M Backend\Header">
      <UniqueIdentifier>{6f3cdf02-c2b2-4178-87ee-4df569fcadbf}</UniqueIdentifier>
    </Filter>
    <Filter Include="A7M Backend\Source">
      <UniqueIdentifier>{c18d21f7-c10c-4cce-b350-c25ef211572d}</UniqueIdentifier>
    </Filter>
    <Filter Include="Main\Header">
      <UniqueIdentifier>{178d4fb2-1b8f-40d7-b342-a0a572c55cfc}</UniqueIdentifier>
    </Filter>
    <Filter Include="Main\Source">
      <UniqueIdentifier>{4FC737F1-C7A5-4376-A066-2A32D752A2FF}</UniqueIdentifier>
      <Extensions>cpp;c;cc;cxx;def;odl;idl;hpj;bat;asm;asmx</Extensions>
    </Filter>
    <Filter Include="Kobj\Header">
      <UniqueIdentifier>{98c29cfd-1112-4425-bfd2-5a4a2e48ee7a}</UniqueIdentifier>
    </Filter>
    <Filter Include="Kobj\Source">
      <UniqueIdentifier>{6d95f050-331c-4482-a7dc-bdb96c07a26e}</UniqueIdentifier>
    </Filter>
    <Filter Include="Gen">
      <UniqueIdentifier>{04a9ef68-0ae5-477f-9901-90910470ef07}</UniqueIdentifier>
    </Filter>
    <Filter Include="Gen\Header">
      <UniqueIdentifier>{8e9069a8-9827-415f-9776-914908e654f2}</UniqueIdentifier>
    </Filter>
    <Filter Include="Gen\Source">
      <UniqueIdentifier>{93bed7f1-915b-42a5-ad98-900c7cab79db}</UniqueIdentifier>
    </Filter>
  </ItemGroup>
  <ItemGroup>
    <ClCompile Include="..\..\..\..\..\M5P2_MuMinion\MMinion\Serdes\XML\xml.c">
      <Filter>Main\Source</Filter>
    </ClCompile>
    <ClCompile Include="..\..\Source\A7M\rme_a7m.cpp">
      <Filter>A7M Backend\Source</Filter>
    </ClCompile>
    <ClCompile Include="..\..\Source\Kobj\rme_captbl.cpp">
      <Filter>Kobj\Source</Filter>
    </ClCompile>
    <ClCompile Include="..\..\Source\Kobj\rme_inv.cpp">
      <Filter>Kobj\Source</Filter>
    </ClCompile>
    <ClCompile Include="..\..\Source\Kobj\rme_kobj.cpp">
      <Filter>Kobj\Source</Filter>
    </ClCompile>
    <ClCompile Include="..\..\Source\Kobj\rme_pgtbl.cpp">
      <Filter>Kobj\Source</Filter>
    </ClCompile>
    <ClCompile Include="..\..\Source\Kobj\rme_port.cpp">
      <Filter>Kobj\Source</Filter>
    </ClCompile>
    <ClCompile Include="..\..\Source\Kobj\rme_proc.cpp">
      <Filter>Kobj\Source</Filter>
    </ClCompile>
    <ClCompile Include="..\..\Source\Kobj\rme_recv.cpp">
      <Filter>Kobj\Source</Filter>
    </ClCompile>
    <ClCompile Include="..\..\Source\Kobj\rme_send.cpp">
      <Filter>Kobj\Source</Filter>
    </ClCompile>
    <ClCompile Include="..\..\Source\Kobj\rme_thd.cpp">
      <Filter>Kobj\Source</Filter>
    </ClCompile>
    <ClCompile Include="..\..\Source\Kobj\rme_vect.cpp">
      <Filter>Kobj\Source</Filter>
    </ClCompile>
    <ClCompile Include="..\..\Source\Main\rme_chip.cpp">
      <Filter>Main\Source</Filter>
    </ClCompile>
    <ClCompile Include="..\..\Source\Main\rme_comp.cpp">
      <Filter>Main\Source</Filter>
    </ClCompile>
    <ClCompile Include="..\..\Source\Main\rme_fsys.cpp">
      <Filter>Main\Source</Filter>
    </ClCompile>
    <ClCompile Include="..\..\Source\Main\rme_mcu.cpp">
      <Filter>Main\Source</Filter>
    </ClCompile>
    <ClCompile Include="..\..\Source\Main\rme_mem.cpp">
      <Filter>Main\Source</Filter>
    </ClCompile>
    <ClCompile Include="..\..\Source\Main\rme_proj.cpp">
      <Filter>Main\Source</Filter>
    </ClCompile>
    <ClCompile Include="..\..\Source\Main\rme_raw.cpp">
      <Filter>Main\Source</Filter>
    </ClCompile>
    <ClCompile Include="..\..\Source\Gen\rme_doc.cpp">
      <Filter>Gen\Source</Filter>
    </ClCompile>
    <ClCompile Include="..\..\Source\Gen\rme_genrme.cpp">
      <Filter>Gen\Source</Filter>
    </ClCompile>
    <ClCompile Include="..\..\Source\Gen\rme_genrvm.cpp">
      <Filter>Gen\Source</Filter>
    </ClCompile>
    <ClCompile Include="..\..\Source\A7M\rme_a7m_genrme.cpp">
      <Filter>A7M Backend\Source</Filter>
    </ClCompile>
    <ClCompile Include="..\..\Source\A7M\rme_a7m_genrvm.cpp">
      <Filter>A7M Backend\Source</Filter>
    </ClCompile>
    <ClCompile Include="..\..\Source\A7M\rme_a7m_genproc.cpp">
      <Filter>A7M Backend\Source</Filter>
    </ClCompile>
    <ClCompile Include="..\..\Source\Gen\rme_genproc.cpp">
      <Filter>Gen\Source</Filter>
    </ClCompile>
    <ClCompile Include="..\..\Source\Gen\rme_genproj.cpp">
      <Filter>Gen\Source</Filter>
    </ClCompile>
    <ClCompile Include="..\..\Source\A7M\rme_a7m_ide_eclipse.cpp">
      <Filter>A7M Backend\Source</Filter>
    </ClCompile>
    <ClCompile Include="..\..\Source\A7M\rme_a7m_genproj.cpp">
      <Filter>A7M Backend\Source</Filter>
    </ClCompile>
    <ClCompile Include="..\..\Source\A7M\rme_a7m_ide_keil.cpp">
      <Filter>A7M Backend\Source</Filter>
    </ClCompile>
    <ClCompile Include="..\..\Source\A7M\rme_a7m_ide_makefile.cpp">
      <Filter>A7M Backend\Source</Filter>
    </ClCompile>
    <ClCompile Include="..\..\Source\A7M\rme_a7m_tc_armc5.cpp">
      <Filter>A7M Backend\Source</Filter>
    </ClCompile>
    <ClCompile Include="..\..\Source\A7M\rme_a7m_tc_gcc.cpp">
      <Filter>A7M Backend\Source</Filter>
    </ClCompile>
  </ItemGroup>
  <ItemGroup>
    <Xml Include="..\..\Example\XML\user.xml">
      <Filter>Resource</Filter>
    </Xml>
    <Xml Include="..\..\..\..\MEukaron\Include\Platform\A7M\Chips\STM32F767IG\rme_platform_STM32F767IG.xml">
      <Filter>Resource</Filter>
    </Xml>
  </ItemGroup>
  <ItemGroup>
    <ClInclude Include="..\..\Include\Core\pbfs_conf.h">
      <Filter>Main\Header</Filter>
    </ClInclude>
    <ClInclude Include="..\..\Include\A7M\rme_a7m.hpp">
      <Filter>A7M Backend\Header</Filter>
    </ClInclude>
    <ClInclude Include="..\..\Include\Kobj\rme_captbl.hpp">
      <Filter>Kobj\Header</Filter>
    </ClInclude>
    <ClInclude Include="..\..\Include\Kobj\rme_inv.hpp">
      <Filter>Kobj\Header</Filter>
    </ClInclude>
    <ClInclude Include="..\..\Include\Kobj\rme_kobj.hpp">
      <Filter>Kobj\Header</Filter>
    </ClInclude>
    <ClInclude Include="..\..\Include\Kobj\rme_pgtbl.hpp">
      <Filter>Kobj\Header</Filter>
    </ClInclude>
    <ClInclude Include="..\..\Include\Kobj\rme_port.hpp">
      <Filter>Kobj\Header</Filter>
    </ClInclude>
    <ClInclude Include="..\..\Include\Kobj\rme_proc.hpp">
      <Filter>Kobj\Header</Filter>
    </ClInclude>
    <ClInclude Include="..\..\Include\Kobj\rme_recv.hpp">
      <Filter>Kobj\Header</Filter>
    </ClInclude>
    <ClInclude Include="..\..\Include\Kobj\rme_send.hpp">
      <Filter>Kobj\Header</Filter>
    </ClInclude>
    <ClInclude Include="..\..\Include\Kobj\rme_thd.hpp">
      <Filter>Kobj\Header</Filter>
    </ClInclude>
    <ClInclude Include="..\..\Include\Kobj\rme_vect.hpp">
      <Filter>Kobj\Header</Filter>
    </ClInclude>
    <ClInclude Include="..\..\Include\Main\rme_chip.hpp">
      <Filter>Main\Header</Filter>
    </ClInclude>
    <ClInclude Include="..\..\Include\Main\rme_comp.hpp">
      <Filter>Main\Header</Filter>
    </ClInclude>
    <ClInclude Include="..\..\Include\Main\rme_fsys.hpp">
      <Filter>Main\Header</Filter>
    </ClInclude>
    <ClInclude Include="..\..\Include\Main\rme_mcu.hpp">
      <Filter>Main\Header</Filter>
    </ClInclude>
    <ClInclude Include="..\..\Include\Main\rme_mem.hpp">
      <Filter>Main\Header</Filter>
    </ClInclude>
    <ClInclude Include="..\..\Include\Main\rme_plat.hpp">
      <Filter>Main\Header</Filter>
    </ClInclude>
    <ClInclude Include="..\..\Include\Main\rme_proj.hpp">
      <Filter>Main\Header</Filter>
    </ClInclude>
    <ClInclude Include="..\..\Include\Main\rme_raw.hpp">
      <Filter>Main\Header</Filter>
    </ClInclude>
    <ClInclude Include="..\..\Include\Extern\pbfs_conf.h">
      <Filter>Main\Header</Filter>
    </ClInclude>
    <ClInclude Include="..\..\Include\Gen\rme_doc.hpp">
      <Filter>Gen\Header</Filter>
    </ClInclude>
    <ClInclude Include="..\..\Include\Gen\rme_genrme.hpp">
      <Filter>Gen\Header</Filter>
    </ClInclude>
    <ClInclude Include="..\..\Include\Gen\rme_genrvm.hpp">
      <Filter>Gen\Header</Filter>
    </ClInclude>
    <ClInclude Include="..\..\Include\Gen\rme_genproc.hpp">
      <Filter>Gen\Header</Filter>
    </ClInclude>
    <ClInclude Include="..\..\Include\A7M\rme_a7m_genproc.hpp">
      <Filter>A7M Backend\Header</Filter>
    </ClInclude>
    <ClInclude Include="..\..\Include\A7M\rme_a7m_genrme.hpp">
      <Filter>A7M Backend\Header</Filter>
    </ClInclude>
    <ClInclude Include="..\..\Include\A7M\rme_a7m_genrvm.hpp">
      <Filter>A7M Backend\Header</Filter>
    </ClInclude>
    <ClInclude Include="..\..\Include\Gen\rme_genproj.hpp">
      <Filter>Gen\Header</Filter>
    </ClInclude>
    <ClInclude Include="..\..\Include\A7M\rme_a7m_mcu.hpp">
      <Filter>A7M Backend\Header</Filter>
    </ClInclude>
    <ClInclude Include="..\..\Include\A7M\rme_a7m_genproj.hpp">
      <Filter>A7M Backend\Header</Filter>
    </ClInclude>
    <ClInclude Include="..\..\Include\A7M\rme_a7m_ide_eclipse.hpp">
      <Filter>A7M Backend\Header</Filter>
    </ClInclude>
    <ClInclude Include="..\..\Include\A7M\rme_a7m_ide_keil.hpp">
      <Filter>A7M Backend\Header</Filter>
    </ClInclude>
    <ClInclude Include="..\..\Include\A7M\rme_a7m_ide_makefile.hpp">
      <Filter>A7M Backend\Header</Filter>
    </ClInclude>
    <ClInclude Include="..\..\Include\A7M\rme_a7m_tc_armc5.hpp">
      <Filter>A7M Backend\Header</Filter>
    </ClInclude>
    <ClInclude Include="..\..\Include\A7M\rme_a7m_tc_gcc.hpp">
      <Filter>A7M Backend\Header</Filter>
    </ClInclude>
  </ItemGroup>
</Project>